<?xml version="1.0" encoding="utf-8"?>
<Project ToolsVersion="4.0" xmlns="http://schemas.microsoft.com/developer/msbuild/2003">
  <ItemGroup>
    <Filter Include="Source Files">
      <UniqueIdentifier>{4FC737F1-C7A5-4376-A066-2A32D752A2FF}</UniqueIdentifier>
      <Extensions>cpp;c;cc;cxx;def;odl;idl;hpj;bat;asm;asmx</Extensions>
    </Filter>
    <Filter Include="Header Files">
      <UniqueIdentifier>{93995380-89BD-4b04-88EB-625FBE52EBFB}</UniqueIdentifier>
      <Extensions>h;hh;hpp;hxx;hm;inl;inc;xsd</Extensions>
    </Filter>
    <Filter Include="Resource Files">
      <UniqueIdentifier>{67DA6AB6-F800-4c08-8B7A-83BB121AAD01}</UniqueIdentifier>
      <Extensions>rc;ico;cur;bmp;dlg;rc2;rct;bin;rgs;gif;jpg;jpeg;jpe;resx;tiff;tif;png;wav;mfcribbon-ms</Extensions>
    </Filter>
  </ItemGroup>
  <ItemGroup>
    <Text Include="README.txt" />
  </ItemGroup>
  <ItemGroup>
    <ClInclude Include="Include\np\Friends.h">
      <Filter>Header Files</Filter>
    </ClInclude>
    <ClInclude Include="Include\np\libnp.h">
      <Filter>Header Files</Filter>
    </ClInclude>
    <ClInclude Include="Include\np\NPAsync.h">
      <Filter>Header Files</Filter>
    </ClInclude>
    <ClInclude Include="Include\np\NPAuthenticate.h">
      <Filter>Header Files</Filter>
    </ClInclude>
    <ClInclude Include="Include\np\NPFriends.h">
      <Filter>Header Files</Filter>
    </ClInclude>
    <ClInclude Include="Include\np\NPLists.h">
      <Filter>Header Files</Filter>
    </ClInclude>
    <ClInclude Include="Include\np\NPServers.h">
      <Filter>Header Files</Filter>
    </ClInclude>
    <ClInclude Include="Include\np\NPStorage.h">
      <Filter>Header Files</Filter>
    </ClInclude>
    <ClInclude Include="Include\np\NPTypeDefs.h">
      <Filter>Header Files</Filter>
    </ClInclude>
    <ClInclude Include="Include\tomlibcrypt\tomcrypt.h">
      <Filter>Header Files</Filter>
    </ClInclude>
    <ClInclude Include="Include\tomlibcrypt\tomcrypt_argchk.h">
      <Filter>Header Files</Filter>
    </ClInclude>
    <ClInclude Include="Include\tomlibcrypt\tomcrypt_cfg.h">
      <Filter>Header Files</Filter>
    </ClInclude>
    <ClInclude Include="Include\tomlibcrypt\tomcrypt_cipher.h">
      <Filter>Header Files</Filter>
    </ClInclude>
    <ClInclude Include="Include\tomlibcrypt\tomcrypt_custom.h">
      <Filter>Header Files</Filter>
    </ClInclude>
    <ClInclude Include="Include\tomlibcrypt\tomcrypt_hash.h">
      <Filter>Header Files</Filter>
    </ClInclude>
    <ClInclude Include="Include\tomlibcrypt\tomcrypt_mac.h">
      <Filter>Header Files</Filter>
    </ClInclude>
    <ClInclude Include="Include\tomlibcrypt\tomcrypt_macros.h">
      <Filter>Header Files</Filter>
    </ClInclude>
    <ClInclude Include="Include\tomlibcrypt\tomcrypt_math.h">
      <Filter>Header Files</Filter>
    </ClInclude>
    <ClInclude Include="Include\tomlibcrypt\tomcrypt_misc.h">
      <Filter>Header Files</Filter>
    </ClInclude>
    <ClInclude Include="Include\tomlibcrypt\tomcrypt_pk.h">
      <Filter>Header Files</Filter>
    </ClInclude>
    <ClInclude Include="Include\tomlibcrypt\tomcrypt_pkcs.h">
      <Filter>Header Files</Filter>
    </ClInclude>
    <ClInclude Include="Include\tomlibcrypt\tomcrypt_prng.h">
      <Filter>Header Files</Filter>
    </ClInclude>
    <ClInclude Include="Include\Crypto.h">
      <Filter>Header Files</Filter>
    </ClInclude>
    <ClInclude Include="Include\libtomcrypt\tomcrypt.h">
      <Filter>Header Files</Filter>
    </ClInclude>
    <ClInclude Include="Include\libtomcrypt\tomcrypt_argchk.h">
      <Filter>Header Files</Filter>
    </ClInclude>
    <ClInclude Include="Include\libtomcrypt\tomcrypt_cfg.h">
      <Filter>Header Files</Filter>
    </ClInclude>
    <ClInclude Include="Include\libtomcrypt\tomcrypt_cipher.h">
      <Filter>Header Files</Filter>
    </ClInclude>
    <ClInclude Include="Include\libtomcrypt\tomcrypt_custom.h">
      <Filter>Header Files</Filter>
    </ClInclude>
    <ClInclude Include="Include\libtomcrypt\tomcrypt_hash.h">
      <Filter>Header Files</Filter>
    </ClInclude>
    <ClInclude Include="Include\libtomcrypt\tomcrypt_mac.h">
      <Filter>Header Files</Filter>
    </ClInclude>
    <ClInclude Include="Include\libtomcrypt\tomcrypt_macros.h">
      <Filter>Header Files</Filter>
    </ClInclude>
    <ClInclude Include="Include\libtomcrypt\tomcrypt_math.h">
      <Filter>Header Files</Filter>
    </ClInclude>
    <ClInclude Include="Include\libtomcrypt\tomcrypt_misc.h">
      <Filter>Header Files</Filter>
    </ClInclude>
    <ClInclude Include="Include\libtomcrypt\tomcrypt_pk.h">
      <Filter>Header Files</Filter>
    </ClInclude>
    <ClInclude Include="Include\libtomcrypt\tomcrypt_pkcs.h">
      <Filter>Header Files</Filter>
    </ClInclude>
    <ClInclude Include="Include\libtomcrypt\tomcrypt_prng.h">
      <Filter>Header Files</Filter>
    </ClInclude>
  </ItemGroup>
  <ItemGroup>
    <ClCompile Include="Source\Crypto.cpp">
      <Filter>Source Files</Filter>
    </ClCompile>
    <ClCompile Include="Source\Main.cpp">
      <Filter>Source Files</Filter>
    </ClCompile>
  </ItemGroup>
  <ItemGroup>
    <Library Include="Dependencies\libnp.lib" />
    <Library Include="Dependencies\tomcrypt.lib" />
    <Library Include="Dependencies\tommath.lib" />
  </ItemGroup>
  <ItemGroup>
    <None Include="Dependencies\libnp.dll" />
  </ItemGroup>
</Project>